
Microsoft Visual Studio Solution File, Format Version 12.00
# Visual Studio Version 17
VisualStudioVersion = 17.5.33627.172
MinimumVisualStudioVersion = 10.0.40219.1
Project("{FAE04EC0-301F-11D3-BF4B-00C04F79EFBC}") = "TechSeñuelos", "TechSeñuelos.csproj", "{9559E742-DCBD-43AE-BBC3-B6DDD2A042F8}"
EndProject
Project("{FAE04EC0-301F-11D3-BF4B-00C04F79EFBC}") = "dominio", "..\dominio\dominio.csproj", "{E98C5276-94EB-4E7C-8826-46DCE52FC8D2}"
EndProject
Project("{FAE04EC0-301F-11D3-BF4B-00C04F79EFBC}") = "negocio", "..\negocio\negocio.csproj", "{F1F6216C-7EC0-4604-942B-9D6476AB62E6}"
EndProject
Global
	GlobalSection(SolutionConfigurationPlatforms) = preSolution
		Debug|Any CPU = Debug|Any CPU
		Release|Any CPU = Release|Any CPU
	EndGlobalSection
	GlobalSection(ProjectConfigurationPlatforms) = postSolution
		{9559E742-DCBD-43AE-BBC3-B6DDD2A042F8}.Debug|Any CPU.ActiveCfg = Debug|Any CPU
		{9559E742-DCBD-43AE-BBC3-B6DDD2A042F8}.Debug|Any CPU.Build.0 = Debug|Any CPU
		{9559E742-DCBD-43AE-BBC3-B6DDD2A042F8}.Release|Any CPU.ActiveCfg = Release|Any CPU
		{9559E742-DCBD-43AE-BBC3-B6DDD2A042F8}.Release|Any CPU.Build.0 = Release|Any CPU
		{E98C5276-94EB-4E7C-8826-46DCE52FC8D2}.Debug|Any CPU.ActiveCfg = Debug|Any CPU
		{E98C5276-94EB-4E7C-8826-46DCE52FC8D2}.Debug|Any CPU.Build.0 = Debug|Any CPU
		{E98C5276-94EB-4E7C-8826-46DCE52FC8D2}.Release|Any CPU.ActiveCfg = Release|Any CPU
		{E98C5276-94EB-4E7C-8826-46DCE52FC8D2}.Release|Any CPU.Build.0 = Release|Any CPU
		{F1F6216C-7EC0-4604-942B-9D6476AB62E6}.Debug|Any CPU.ActiveCfg = Debug|Any CPU
		{F1F6216C-7EC0-4604-942B-9D6476AB62E6}.Debug|Any CPU.Build.0 = Debug|Any CPU
		{F1F6216C-7EC0-4604-942B-9D6476AB62E6}.Release|Any CPU.ActiveCfg = Release|Any CPU
		{F1F6216C-7EC0-4604-942B-9D6476AB62E6}.Release|Any CPU.Build.0 = Release|Any CPU
	EndGlobalSection
	GlobalSection(SolutionProperties) = preSolution
		HideSolutionNode = FALSE
	EndGlobalSection
	GlobalSection(ExtensibilityGlobals) = postSolution
		SolutionGuid = {CC6CC61A-6913-4C41-80ED-6602E4058619}
	EndGlobalSection
EndGlobal
